// !$*UTF8*$!
{
	archiveVersion = 1;
	classes = {
	};
	objectVersion = 46;
	objects = {

/* Begin PBXBuildFile section */
		3C8C507037A2DBBD67BDA8F4 /* ZTVTraktConstants.h in Resources */ = {isa = PBXBuildFile; fileRef = 3C8C551F0ACA4A0CB113115C /* ZTVTraktConstants.h */; };
		3C8C50F32CAA69D61F2055B0 /* XCTest.framework in Frameworks */ = {isa = PBXBuildFile; fileRef = 3C8C5FF034436F39DC0B5F76 /* XCTest.framework */; };
		3C8C51F824819E0B915E4E8D /* zapperTVTests.m in Sources */ = {isa = PBXBuildFile; fileRef = 3C8C5A55161309A57D03491E /* zapperTVTests.m */; };
		3C8C5217E0588B8413DE167C /* ZTVAppDelegate.m in Sources */ = {isa = PBXBuildFile; fileRef = 3C8C539145D8ED7C0DC909FE /* ZTVAppDelegate.m */; };
		3C8C521E3C7C4D173E32DD5E /* UIKit.framework in Frameworks */ = {isa = PBXBuildFile; fileRef = 3C8C54EA720849A1B651881D /* UIKit.framework */; };
		3C8C54775A1129EAE9B3A23B /* InfoPlist.strings in Resources */ = {isa = PBXBuildFile; fileRef = 3C8C5C8317128FDDED6C7AE0 /* InfoPlist.strings */; };
		3C8C552386A9AAEEFEC08381 /* Foundation.framework in Frameworks */ = {isa = PBXBuildFile; fileRef = 3C8C577CB243FF06B5D86C6F /* Foundation.framework */; };
		3C8C55A47E8B2080174CDC7C /* ZTVDatabaseManager.m in Sources */ = {isa = PBXBuildFile; fileRef = 3C8C5CE9D408EBF4AA50E7A1 /* ZTVDatabaseManager.m */; };
		3C8C57F0B8214BA0051C0F1E /* ZTVDefaultRestHandler.m in Sources */ = {isa = PBXBuildFile; fileRef = 3C8C51CB5A429ADA6C5D38B3 /* ZTVDefaultRestHandler.m */; };
		3C8C5867784ABAFB72FDE21E /* Images.xcassets in Resources */ = {isa = PBXBuildFile; fileRef = 3C8C594219C523972936CBAC /* Images.xcassets */; };
		3C8C5912DD5DFAA2F8F39C1E /* main.m in Sources */ = {isa = PBXBuildFile; fileRef = 3C8C5BF01F9D769E9B794632 /* main.m */; };
		3C8C598662C1AF25FE9EEB40 /* Foundation.framework in Frameworks */ = {isa = PBXBuildFile; fileRef = 3C8C577CB243FF06B5D86C6F /* Foundation.framework */; };
		3C8C5A170703BC03D4A446F9 /* InfoPlist.strings in Resources */ = {isa = PBXBuildFile; fileRef = 3C8C5B39BB3FEE5234F5FC01 /* InfoPlist.strings */; };
		3C8C5A2AEA53A04012132F02 /* CoreGraphics.framework in Frameworks */ = {isa = PBXBuildFile; fileRef = 3C8C568BACF1E1725153B702 /* CoreGraphics.framework */; };
		3C8C5A822A99D4B72400516F /* UIKit.framework in Frameworks */ = {isa = PBXBuildFile; fileRef = 3C8C54EA720849A1B651881D /* UIKit.framework */; };
		FEF49C213B7B43ECBAE54435 /* libPods.a in Frameworks */ = {isa = PBXBuildFile; fileRef = 8BD45F26ECC44CAD82B2B6BD /* libPods.a */; };
/* End PBXBuildFile section */

/* Begin PBXContainerItemProxy section */
		3C8C596EC3A7FAC1C7DDD5A7 /* PBXContainerItemProxy */ = {
			isa = PBXContainerItemProxy;
			containerPortal = 3C8C584E6862166F272C1408 /* Project object */;
			proxyType = 1;
			remoteGlobalIDString = 3C8C57DDF7F3D041B24D2213;
			remoteInfo = zapperTV;
		};
/* End PBXContainerItemProxy section */

/* Begin PBXFileReference section */
		2B18BFC788274334AC20C7BC /* Pods.xcconfig */ = {isa = PBXFileReference; includeInIndex = 1; lastKnownFileType = text.xcconfig; name = Pods.xcconfig; path = Pods/Pods.xcconfig; sourceTree = "<group>"; };
		3C8C50DFB957F11557B8ED7A /* en */ = {isa = PBXFileReference; lastKnownFileType = text.plist.strings; name = en; path = en.lproj/InfoPlist.strings; sourceTree = "<group>"; };
		3C8C51CB5A429ADA6C5D38B3 /* ZTVDefaultRestHandler.m */ = {isa = PBXFileReference; fileEncoding = 4; lastKnownFileType = sourcecode.c.objc; path = ZTVDefaultRestHandler.m; sourceTree = "<group>"; };
		3C8C539145D8ED7C0DC909FE /* ZTVAppDelegate.m */ = {isa = PBXFileReference; lastKnownFileType = sourcecode.c.objc; path = ZTVAppDelegate.m; sourceTree = "<group>"; };
		3C8C548C6096A6618039AE96 /* zapperTV-Info.plist */ = {isa = PBXFileReference; lastKnownFileType = text.plist.info; path = "zapperTV-Info.plist"; sourceTree = "<group>"; };
		3C8C54EA720849A1B651881D /* UIKit.framework */ = {isa = PBXFileReference; lastKnownFileType = wrapper.framework; name = UIKit.framework; path = System/Library/Frameworks/UIKit.framework; sourceTree = SDKROOT; };
		3C8C551F0ACA4A0CB113115C /* ZTVTraktConstants.h */ = {isa = PBXFileReference; fileEncoding = 4; lastKnownFileType = sourcecode.c.h; path = ZTVTraktConstants.h; sourceTree = "<group>"; };
		3C8C5525927B562C1D6BCDD7 /* ZTVAppDelegate.h */ = {isa = PBXFileReference; lastKnownFileType = sourcecode.c.h; path = ZTVAppDelegate.h; sourceTree = "<group>"; };
		3C8C568BACF1E1725153B702 /* CoreGraphics.framework */ = {isa = PBXFileReference; lastKnownFileType = wrapper.framework; name = CoreGraphics.framework; path = System/Library/Frameworks/CoreGraphics.framework; sourceTree = SDKROOT; };
		3C8C56BE15E03EF8A47C6619 /* ZTVTheMovieDBConstants.h */ = {isa = PBXFileReference; fileEncoding = 4; lastKnownFileType = sourcecode.c.h; path = ZTVTheMovieDBConstants.h; sourceTree = "<group>"; };
		3C8C577CB243FF06B5D86C6F /* Foundation.framework */ = {isa = PBXFileReference; lastKnownFileType = wrapper.framework; name = Foundation.framework; path = System/Library/Frameworks/Foundation.framework; sourceTree = SDKROOT; };
		3C8C57E72331E1DB2282EFB0 /* zapperTV-Prefix.pch */ = {isa = PBXFileReference; lastKnownFileType = sourcecode.c.h; path = "zapperTV-Prefix.pch"; sourceTree = "<group>"; };
		3C8C584E07A90AB1A7C54100 /* zapperTV.app */ = {isa = PBXFileReference; explicitFileType = wrapper.application; includeInIndex = 0; path = zapperTV.app; sourceTree = BUILT_PRODUCTS_DIR; };
		3C8C594219C523972936CBAC /* Images.xcassets */ = {isa = PBXFileReference; lastKnownFileType = folder.assetcatalog; path = Images.xcassets; sourceTree = "<group>"; };
		3C8C5A55161309A57D03491E /* zapperTVTests.m */ = {isa = PBXFileReference; lastKnownFileType = sourcecode.c.objc; path = zapperTVTests.m; sourceTree = "<group>"; };
		3C8C5BF01F9D769E9B794632 /* main.m */ = {isa = PBXFileReference; lastKnownFileType = sourcecode.c.objc; path = main.m; sourceTree = "<group>"; };
		3C8C5C42F418BDDDB9BD934A /* zapperTVTests-Info.plist */ = {isa = PBXFileReference; lastKnownFileType = text.plist.info; path = "zapperTVTests-Info.plist"; sourceTree = "<group>"; };
		3C8C5CE9D408EBF4AA50E7A1 /* ZTVDatabaseManager.m */ = {isa = PBXFileReference; fileEncoding = 4; lastKnownFileType = sourcecode.c.objc; path = ZTVDatabaseManager.m; sourceTree = "<group>"; };
		3C8C5DD3A337A12393472308 /* zapperTVTests.xctest */ = {isa = PBXFileReference; explicitFileType = wrapper.cfbundle; includeInIndex = 0; path = zapperTVTests.xctest; sourceTree = BUILT_PRODUCTS_DIR; };
		3C8C5E9BD8276512E728972E /* ZTVDefaultRestHandler.h */ = {isa = PBXFileReference; fileEncoding = 4; lastKnownFileType = sourcecode.c.h; path = ZTVDefaultRestHandler.h; sourceTree = "<group>"; };
		3C8C5EE993A4B474AC08C82F /* ZTVDatabaseManager.h */ = {isa = PBXFileReference; fileEncoding = 4; lastKnownFileType = sourcecode.c.h; path = ZTVDatabaseManager.h; sourceTree = "<group>"; };
		3C8C5FE5E23DF26AB419B1E7 /* en */ = {isa = PBXFileReference; lastKnownFileType = text.plist.strings; name = en; path = en.lproj/InfoPlist.strings; sourceTree = "<group>"; };
		3C8C5FF034436F39DC0B5F76 /* XCTest.framework */ = {isa = PBXFileReference; lastKnownFileType = wrapper.framework; name = XCTest.framework; path = Library/Frameworks/XCTest.framework; sourceTree = DEVELOPER_DIR; };
		8BD45F26ECC44CAD82B2B6BD /* libPods.a */ = {isa = PBXFileReference; explicitFileType = archive.ar; includeInIndex = 0; path = libPods.a; sourceTree = BUILT_PRODUCTS_DIR; };
/* End PBXFileReference section */

/* Begin PBXFrameworksBuildPhase section */
		3C8C51402EC47454285C7EE3 /* Frameworks */ = {
			isa = PBXFrameworksBuildPhase;
			buildActionMask = 2147483647;
			files = (
				3C8C50F32CAA69D61F2055B0 /* XCTest.framework in Frameworks */,
				3C8C552386A9AAEEFEC08381 /* Foundation.framework in Frameworks */,
				3C8C5A822A99D4B72400516F /* UIKit.framework in Frameworks */,
			);
			runOnlyForDeploymentPostprocessing = 0;
		};
		3C8C59DA9594005DEEEE94F6 /* Frameworks */ = {
			isa = PBXFrameworksBuildPhase;
			buildActionMask = 2147483647;
			files = (
				3C8C598662C1AF25FE9EEB40 /* Foundation.framework in Frameworks */,
				3C8C5A2AEA53A04012132F02 /* CoreGraphics.framework in Frameworks */,
				3C8C521E3C7C4D173E32DD5E /* UIKit.framework in Frameworks */,
				FEF49C213B7B43ECBAE54435 /* libPods.a in Frameworks */,
			);
			runOnlyForDeploymentPostprocessing = 0;
		};
/* End PBXFrameworksBuildPhase section */

/* Begin PBXGroup section */
		3C8C52ED3CE6FAB06AA1743F /* trakt */ = {
			isa = PBXGroup;
			children = (
				3C8C551F0ACA4A0CB113115C /* ZTVTraktConstants.h */,
			);
			path = trakt;
			sourceTree = "<group>";
		};
		3C8C538AD5078964A103AF89 /* themoviedb */ = {
			isa = PBXGroup;
			children = (
				3C8C56BE15E03EF8A47C6619 /* ZTVTheMovieDBConstants.h */,
			);
			path = themoviedb;
			sourceTree = "<group>";
		};
		3C8C54C0613B27AAF84424DD = {
			isa = PBXGroup;
			children = (
				3C8C55311E8A6A853F525388 /* Products */,
				3C8C58DCD2F34EF218F2ABC7 /* Frameworks */,
				3C8C5D41697C2E06249890AB /* zapperTV */,
				3C8C5A5308DF64AADBAF8A17 /* zapperTVTests */,
				2B18BFC788274334AC20C7BC /* Pods.xcconfig */,
			);
			sourceTree = "<group>";
		};
		3C8C55311E8A6A853F525388 /* Products */ = {
			isa = PBXGroup;
			children = (
				3C8C584E07A90AB1A7C54100 /* zapperTV.app */,
				3C8C5DD3A337A12393472308 /* zapperTVTests.xctest */,
			);
			name = Products;
			sourceTree = "<group>";
		};
		3C8C55FCFC655C68AEC7FA6C /* Supporting Files */ = {
			isa = PBXGroup;
			children = (
				3C8C5C42F418BDDDB9BD934A /* zapperTVTests-Info.plist */,
				3C8C5B39BB3FEE5234F5FC01 /* InfoPlist.strings */,
			);
			name = "Supporting Files";
			sourceTree = "<group>";
		};
		3C8C5803043CA83618164436 /* view */ = {
			isa = PBXGroup;
			children = (
			);
			path = view;
			sourceTree = "<group>";
		};
		3C8C58DCD2F34EF218F2ABC7 /* Frameworks */ = {
			isa = PBXGroup;
			children = (
				3C8C577CB243FF06B5D86C6F /* Foundation.framework */,
				3C8C568BACF1E1725153B702 /* CoreGraphics.framework */,
				3C8C54EA720849A1B651881D /* UIKit.framework */,
				3C8C5FF034436F39DC0B5F76 /* XCTest.framework */,
				8BD45F26ECC44CAD82B2B6BD /* libPods.a */,
			);
			name = Frameworks;
			sourceTree = "<group>";
		};
		3C8C5A240E36970FA5FAB8C7 /* db */ = {
			isa = PBXGroup;
			children = (
				3C8C5CE9D408EBF4AA50E7A1 /* ZTVDatabaseManager.m */,
				3C8C5EE993A4B474AC08C82F /* ZTVDatabaseManager.h */,
			);
			path = db;
			sourceTree = "<group>";
		};
		3C8C5A5308DF64AADBAF8A17 /* zapperTVTests */ = {
			isa = PBXGroup;
			children = (
				3C8C55FCFC655C68AEC7FA6C /* Supporting Files */,
				3C8C5A55161309A57D03491E /* zapperTVTests.m */,
			);
			path = zapperTVTests;
			sourceTree = "<group>";
		};
		3C8C5C01071572F9891C1012 /* model */ = {
			isa = PBXGroup;
			children = (
				3C8C5A240E36970FA5FAB8C7 /* db */,
				3C8C5D13E2AA90202C3214D9 /* api */,
			);
			path = model;
			sourceTree = "<group>";
		};
		3C8C5C1C07220C15FDE8B7BF /* Supporting Files */ = {
			isa = PBXGroup;
			children = (
				3C8C548C6096A6618039AE96 /* zapperTV-Info.plist */,
				3C8C5C8317128FDDED6C7AE0 /* InfoPlist.strings */,
				3C8C5BF01F9D769E9B794632 /* main.m */,
				3C8C57E72331E1DB2282EFB0 /* zapperTV-Prefix.pch */,
			);
			name = "Supporting Files";
			sourceTree = "<group>";
		};
		3C8C5D13E2AA90202C3214D9 /* api */ = {
			isa = PBXGroup;
			children = (
				3C8C52ED3CE6FAB06AA1743F /* trakt */,
				3C8C538AD5078964A103AF89 /* themoviedb */,
				3C8C51CB5A429ADA6C5D38B3 /* ZTVDefaultRestHandler.m */,
				3C8C5E9BD8276512E728972E /* ZTVDefaultRestHandler.h */,
			);
			path = api;
			sourceTree = "<group>";
		};
		3C8C5D41697C2E06249890AB /* zapperTV */ = {
			isa = PBXGroup;
			children = (
				3C8C5C1C07220C15FDE8B7BF /* Supporting Files */,
				3C8C5525927B562C1D6BCDD7 /* ZTVAppDelegate.h */,
				3C8C539145D8ED7C0DC909FE /* ZTVAppDelegate.m */,
				3C8C594219C523972936CBAC /* Images.xcassets */,
				3C8C5C01071572F9891C1012 /* model */,
				3C8C5803043CA83618164436 /* view */,
				3C8C5F3E2FC1895A7009DE2A /* controller */,
			);
			path = zapperTV;
			sourceTree = "<group>";
		};
		3C8C5F3E2FC1895A7009DE2A /* controller */ = {
			isa = PBXGroup;
			children = (
			);
			path = controller;
			sourceTree = "<group>";
		};
/* End PBXGroup section */

/* Begin PBXNativeTarget section */
		3C8C57DDF7F3D041B24D2213 /* zapperTV */ = {
			isa = PBXNativeTarget;
			buildConfigurationList = 3C8C5AFEE460713F0F130CA4 /* Build configuration list for PBXNativeTarget "zapperTV" */;
			buildPhases = (
				880CEF99265942BD9312C6D7 /* Check Pods Manifest.lock */,
				3C8C5B87C9EFE4ADF11FCECB /* Sources */,
				3C8C59DA9594005DEEEE94F6 /* Frameworks */,
				3C8C5941F4FBCCD80570A368 /* Resources */,
				97A12C95094647D488BF7FC3 /* Copy Pods Resources */,
			);
			buildRules = (
			);
			dependencies = (
			);
			name = zapperTV;
			productName = zapperTV;
			productReference = 3C8C584E07A90AB1A7C54100 /* zapperTV.app */;
			productType = "com.apple.product-type.application";
		};
		3C8C5C4B42CAC87EE2C51127 /* zapperTVTests */ = {
			isa = PBXNativeTarget;
			buildConfigurationList = 3C8C50948A0ECCBF8BBFAA77 /* Build configuration list for PBXNativeTarget "zapperTVTests" */;
			buildPhases = (
				3C8C53F82093CF961BB20589 /* Sources */,
				3C8C51402EC47454285C7EE3 /* Frameworks */,
				3C8C531CE9E90FDF92A0DD01 /* Resources */,
			);
			buildRules = (
			);
			dependencies = (
				3C8C5B9BCD7986FBCED10429 /* PBXTargetDependency */,
			);
			name = zapperTVTests;
			productName = zapperTVTests;
			productReference = 3C8C5DD3A337A12393472308 /* zapperTVTests.xctest */;
			productType = "com.apple.product-type.bundle.unit-test";
		};
/* End PBXNativeTarget section */

/* Begin PBXProject section */
		3C8C584E6862166F272C1408 /* Project object */ = {
			isa = PBXProject;
			attributes = {
				CLASSPREFIX = ZTV;
				LastUpgradeCheck = 0500;
				ORGANIZATIONNAME = nlkprojects;
			};
			buildConfigurationList = 3C8C5153EA00AB572C647957 /* Build configuration list for PBXProject "zapperTV" */;
			compatibilityVersion = "Xcode 3.2";
			developmentRegion = English;
			hasScannedForEncodings = 0;
			knownRegions = (
				en,
			);
			mainGroup = 3C8C54C0613B27AAF84424DD;
			productRefGroup = 3C8C55311E8A6A853F525388 /* Products */;
			projectDirPath = "";
			projectRoot = "";
			targets = (
				3C8C57DDF7F3D041B24D2213 /* zapperTV */,
				3C8C5C4B42CAC87EE2C51127 /* zapperTVTests */,
			);
		};
/* End PBXProject section */

/* Begin PBXResourcesBuildPhase section */
		3C8C531CE9E90FDF92A0DD01 /* Resources */ = {
			isa = PBXResourcesBuildPhase;
			buildActionMask = 2147483647;
			files = (
				3C8C5A170703BC03D4A446F9 /* InfoPlist.strings in Resources */,
			);
			runOnlyForDeploymentPostprocessing = 0;
		};
		3C8C5941F4FBCCD80570A368 /* Resources */ = {
			isa = PBXResourcesBuildPhase;
			buildActionMask = 2147483647;
			files = (
				3C8C54775A1129EAE9B3A23B /* InfoPlist.strings in Resources */,
				3C8C5867784ABAFB72FDE21E /* Images.xcassets in Resources */,
				3C8C507037A2DBBD67BDA8F4 /* ZTVTraktConstants.h in Resources */,
			);
			runOnlyForDeploymentPostprocessing = 0;
		};
/* End PBXResourcesBuildPhase section */

/* Begin PBXShellScriptBuildPhase section */
		880CEF99265942BD9312C6D7 /* Check Pods Manifest.lock */ = {
			isa = PBXShellScriptBuildPhase;
			buildActionMask = 2147483647;
			files = (
			);
			inputPaths = (
			);
			name = "Check Pods Manifest.lock";
			outputPaths = (
			);
			runOnlyForDeploymentPostprocessing = 0;
			shellPath = /bin/sh;
			shellScript = "diff \"${PODS_ROOT}/../Podfile.lock\" \"${PODS_ROOT}/Manifest.lock\" > /dev/null\nif [[ $? != 0 ]] ; then\n    cat << EOM\nerror: The sandbox is not in sync with the Podfile.lock. Run 'pod install' or update your CocoaPods installation.\nEOM\n    exit 1\nfi\n";
			showEnvVarsInLog = 0;
		};
		97A12C95094647D488BF7FC3 /* Copy Pods Resources */ = {
			isa = PBXShellScriptBuildPhase;
			buildActionMask = 2147483647;
			files = (
			);
			inputPaths = (
			);
			name = "Copy Pods Resources";
			outputPaths = (
			);
			runOnlyForDeploymentPostprocessing = 0;
			shellPath = /bin/sh;
			shellScript = "\"${SRCROOT}/Pods/Pods-resources.sh\"\n";
			showEnvVarsInLog = 0;
		};
/* End PBXShellScriptBuildPhase section */

/* Begin PBXSourcesBuildPhase section */
		3C8C53F82093CF961BB20589 /* Sources */ = {
			isa = PBXSourcesBuildPhase;
			buildActionMask = 2147483647;
			files = (
				3C8C51F824819E0B915E4E8D /* zapperTVTests.m in Sources */,
			);
			runOnlyForDeploymentPostprocessing = 0;
		};
		3C8C5B87C9EFE4ADF11FCECB /* Sources */ = {
			isa = PBXSourcesBuildPhase;
			buildActionMask = 2147483647;
			files = (
				3C8C5912DD5DFAA2F8F39C1E /* main.m in Sources */,
				3C8C5217E0588B8413DE167C /* ZTVAppDelegate.m in Sources */,
				3C8C57F0B8214BA0051C0F1E /* ZTVDefaultRestHandler.m in Sources */,
				3C8C55A47E8B2080174CDC7C /* ZTVDatabaseManager.m in Sources */,
			);
			runOnlyForDeploymentPostprocessing = 0;
		};
/* End PBXSourcesBuildPhase section */

/* Begin PBXTargetDependency section */
		3C8C5B9BCD7986FBCED10429 /* PBXTargetDependency */ = {
			isa = PBXTargetDependency;
			target = 3C8C57DDF7F3D041B24D2213 /* zapperTV */;
			targetProxy = 3C8C596EC3A7FAC1C7DDD5A7 /* PBXContainerItemProxy */;
		};
/* End PBXTargetDependency section */

/* Begin PBXVariantGroup section */
		3C8C5B39BB3FEE5234F5FC01 /* InfoPlist.strings */ = {
			isa = PBXVariantGroup;
			children = (
				3C8C50DFB957F11557B8ED7A /* en */,
			);
			name = InfoPlist.strings;
			sourceTree = "<group>";
		};
		3C8C5C8317128FDDED6C7AE0 /* InfoPlist.strings */ = {
			isa = PBXVariantGroup;
			children = (
				3C8C5FE5E23DF26AB419B1E7 /* en */,
			);
			name = InfoPlist.strings;
			sourceTree = "<group>";
		};
/* End PBXVariantGroup section */

/* Begin XCBuildConfiguration section */
		3C8C5790F7C31D4607444479 /* Debug */ = {
			isa = XCBuildConfiguration;
			baseConfigurationReference = 2B18BFC788274334AC20C7BC /* Pods.xcconfig */;
			buildSettings = {
				ARCHS = "$(ARCHS_STANDARD)";
				ASSETCATALOG_COMPILER_APPICON_NAME = AppIcon;
				ASSETCATALOG_COMPILER_LAUNCHIMAGE_NAME = LaunchImage;
				CURRENT_PROJECT_VERSION = 1.0.0.1;
				GCC_PRECOMPILE_PREFIX_HEADER = YES;
				GCC_PREFIX_HEADER = "zapperTV/zapperTV-Prefix.pch";
				INFOPLIST_FILE = "zapperTV/zapperTV-Info.plist";
				MACH_O_TYPE = staticlib;
				ONLY_ACTIVE_ARCH = YES;
				OTHER_LDFLAGS = (
					"-ObjC",
					"-lTestFlight",
					"-lsqlite3",
					"-lz",
					"-framework",
					AddressBook,
					"-framework",
					CFNetwork,
					"-framework",
					CoreGraphics,
					"-framework",
					CoreLocation,
					"-framework",
					CouchbaseLite,
					"-framework",
					CouchbaseLiteListener,
					"-framework",
					Foundation,
					"-framework",
					MobileCoreServices,
					"-framework",
					QuartzCore,
					"-framework",
					Security,
					"-framework",
					SystemConfiguration,
					"-framework",
					UIKit,
				);
				PRODUCT_NAME = "$(TARGET_NAME)";
				RUN_CLANG_STATIC_ANALYZER = YES;
				SCAN_ALL_SOURCE_FILES_FOR_INCLUDES = YES;
				WRAPPER_EXTENSION = app;
			};
			name = Debug;
		};
		3C8C579A8F140D87C284B6C2 /* Release */ = {
			isa = XCBuildConfiguration;
			buildSettings = {
				FRAMEWORK_SEARCH_PATHS = (
					"$(SDKROOT)/Developer/Library/Frameworks",
					"$(inherited)",
				);
				GCC_PRECOMPILE_PREFIX_HEADER = YES;
				GCC_PREFIX_HEADER = "zapperTV/zapperTV-Prefix.pch";
				INFOPLIST_FILE = "zapperTVTests/zapperTVTests-Info.plist";
				PRODUCT_NAME = "$(TARGET_NAME)";
				WRAPPER_EXTENSION = xctest;
			};
			name = Release;
		};
		3C8C585E5D5DE0C514ACA579 /* Debug */ = {
			isa = XCBuildConfiguration;
			buildSettings = {
				FRAMEWORK_SEARCH_PATHS = (
					"$(SDKROOT)/Developer/Library/Frameworks",
					"$(inherited)",
				);
				GCC_PRECOMPILE_PREFIX_HEADER = YES;
				GCC_PREFIX_HEADER = "zapperTV/zapperTV-Prefix.pch";
				INFOPLIST_FILE = "zapperTVTests/zapperTVTests-Info.plist";
				PRODUCT_NAME = "$(TARGET_NAME)";
				WRAPPER_EXTENSION = xctest;
			};
			name = Debug;
		};
		3C8C58B2AAFD679AD7C8EB81 /* Debug */ = {
			isa = XCBuildConfiguration;
			buildSettings = {
				ALWAYS_SEARCH_USER_PATHS = NO;
				CLANG_CXX_LANGUAGE_STANDARD = "gnu++0x";
				CLANG_CXX_LIBRARY = "libc++";
				CLANG_ENABLE_MODULES = YES;
				CLANG_ENABLE_OBJC_ARC = YES;
				CLANG_WARN_BOOL_CONVERSION = YES;
				CLANG_WARN_CONSTANT_CONVERSION = YES;
				CLANG_WARN_DIRECT_OBJC_ISA_USAGE = YES_ERROR;
				CLANG_WARN_EMPTY_BODY = YES;
				CLANG_WARN_ENUM_CONVERSION = YES;
				CLANG_WARN_INT_CONVERSION = YES;
				CLANG_WARN_OBJC_ROOT_CLASS = YES_ERROR;
				CLANG_WARN__DUPLICATE_METHOD_MATCH = YES;
				"CODE_SIGN_IDENTITY[sdk=iphoneos*]" = "iPhone Developer";
				COPY_PHASE_STRIP = NO;
				GCC_C_LANGUAGE_STANDARD = gnu99;
				GCC_DYNAMIC_NO_PIC = NO;
				GCC_OPTIMIZATION_LEVEL = 0;
				GCC_PREPROCESSOR_DEFINITIONS = (
					"DEBUG=1",
					"$(inherited)",
				);
				GCC_SYMBOLS_PRIVATE_EXTERN = NO;
				GCC_WARN_64_TO_32_BIT_CONVERSION = YES;
				GCC_WARN_ABOUT_RETURN_TYPE = YES_ERROR;
				GCC_WARN_UNDECLARED_SELECTOR = YES;
				GCC_WARN_UNINITIALIZED_AUTOS = YES;
				GCC_WARN_UNUSED_FUNCTION = YES;
				GCC_WARN_UNUSED_VARIABLE = YES;
				IPHONEOS_DEPLOYMENT_TARGET = 7.0;
				ONLY_ACTIVE_ARCH = YES;
				SDKROOT = iphoneos;
				TARGETED_DEVICE_FAMILY = "1,2";
				VALIDATE_PRODUCT = YES;
			};
			name = Debug;
		};
		3C8C5CADD9B7420289DAD5E2 /* Release */ = {
			isa = XCBuildConfiguration;
			baseConfigurationReference = 2B18BFC788274334AC20C7BC /* Pods.xcconfig */;
			buildSettings = {
				ARCHS = "$(ARCHS_STANDARD)";
				ASSETCATALOG_COMPILER_APPICON_NAME = AppIcon;
				ASSETCATALOG_COMPILER_LAUNCHIMAGE_NAME = LaunchImage;
				CURRENT_PROJECT_VERSION = 1.0.0.1;
				GCC_PRECOMPILE_PREFIX_HEADER = YES;
				GCC_PREFIX_HEADER = "zapperTV/zapperTV-Prefix.pch";
				INFOPLIST_FILE = "zapperTV/zapperTV-Info.plist";
				MACH_O_TYPE = staticlib;
				OTHER_LDFLAGS = (
					"-ObjC",
					"-lTestFlight",
					"-lsqlite3",
					"-lz",
					"-framework",
					AddressBook,
					"-framework",
					CFNetwork,
					"-framework",
					CoreGraphics,
					"-framework",
					CoreLocation,
					"-framework",
					CouchbaseLite,
					"-framework",
					CouchbaseLiteListener,
					"-framework",
					Foundation,
					"-framework",
					MobileCoreServices,
					"-framework",
					QuartzCore,
					"-framework",
					Security,
					"-framework",
					SystemConfiguration,
					"-framework",
					UIKit,
				);
				PRODUCT_NAME = "$(TARGET_NAME)";
				WRAPPER_EXTENSION = app;
			};
			name = Release;
		};
		3C8C5D41253460C80952EFBA /* Release */ = {
			isa = XCBuildConfiguration;
			buildSettings = {
				ALWAYS_SEARCH_USER_PATHS = NO;
				CLANG_CXX_LANGUAGE_STANDARD = "gnu++0x";
				CLANG_CXX_LIBRARY = "libc++";
				CLANG_ENABLE_MODULES = YES;
				CLANG_ENABLE_OBJC_ARC = YES;
				CLANG_WARN_BOOL_CONVERSION = YES;
				CLANG_WARN_CONSTANT_CONVERSION = YES;
				CLANG_WARN_DIRECT_OBJC_ISA_USAGE = YES_ERROR;
				CLANG_WARN_EMPTY_BODY = YES;
				CLANG_WARN_ENUM_CONVERSION = YES;
				CLANG_WARN_INT_CONVERSION = YES;
				CLANG_WARN_OBJC_ROOT_CLASS = YES_ERROR;
				CLANG_WARN__DUPLICATE_METHOD_MATCH = YES;
				"CODE_SIGN_IDENTITY[sdk=iphoneos*]" = "iPhone Developer";
				COPY_PHASE_STRIP = YES;
				ENABLE_NS_ASSERTIONS = NO;
				GCC_C_LANGUAGE_STANDARD = gnu99;
				GCC_WARN_64_TO_32_BIT_CONVERSION = YES;
				GCC_WARN_ABOUT_RETURN_TYPE = YES_ERROR;
				GCC_WARN_UNDECLARED_SELECTOR = YES;
				GCC_WARN_UNINITIALIZED_AUTOS = YES;
				GCC_WARN_UNUSED_FUNCTION = YES;
				GCC_WARN_UNUSED_VARIABLE = YES;
				IPHONEOS_DEPLOYMENT_TARGET = 7.0;
				SDKROOT = iphoneos;
				TARGETED_DEVICE_FAMILY = "1,2";
				VALIDATE_PRODUCT = YES;
			};
			name = Release;
		};
/* End XCBuildConfiguration section */

/* Begin XCConfigurationList section */
		3C8C50948A0ECCBF8BBFAA77 /* Build configuration list for PBXNativeTarget "zapperTVTests" */ = {
			isa = XCConfigurationList;
			buildConfigurations = (
				3C8C579A8F140D87C284B6C2 /* Release */,
				3C8C585E5D5DE0C514ACA579 /* Debug */,
			);
			defaultConfigurationIsVisible = 0;
			defaultConfigurationName = Release;
		};
		3C8C5153EA00AB572C647957 /* Build configuration list for PBXProject "zapperTV" */ = {
			isa = XCConfigurationList;
			buildConfigurations = (
				3C8C5D41253460C80952EFBA /* Release */,
				3C8C58B2AAFD679AD7C8EB81 /* Debug */,
			);
			defaultConfigurationIsVisible = 0;
			defaultConfigurationName = Release;
		};
		3C8C5AFEE460713F0F130CA4 /* Build configuration list for PBXNativeTarget "zapperTV" */ = {
			isa = XCConfigurationList;
			buildConfigurations = (
				3C8C5CADD9B7420289DAD5E2 /* Release */,
				3C8C5790F7C31D4607444479 /* Debug */,
			);
			defaultConfigurationIsVisible = 0;
			defaultConfigurationName = Release;
		};
/* End XCConfigurationList section */
	};
	rootObject = 3C8C584E6862166F272C1408 /* Project object */;
}
